// !$*UTF8*$!
{
	archiveVersion = 1;
	classes = {
	};
	objectVersion = 46;
	objects = {

/* Begin PBXBuildFile section */
		0F41C2D5AB85DDA33B60312A /* Pods_MovieViewer.framework in Frameworks */ = {isa = PBXBuildFile; fileRef = A95408E0C535C8AE7FBC47D8 /* Pods_MovieViewer.framework */; };
		97090C2C1DC9854400BDB893 /* AppDelegate.swift in Sources */ = {isa = PBXBuildFile; fileRef = 97090C2B1DC9854400BDB893 /* AppDelegate.swift */; };
		97090C311DC9854400BDB893 /* Main.storyboard in Resources */ = {isa = PBXBuildFile; fileRef = 97090C2F1DC9854400BDB893 /* Main.storyboard */; };
		97090C331DC9854400BDB893 /* Assets.xcassets in Resources */ = {isa = PBXBuildFile; fileRef = 97090C321DC9854400BDB893 /* Assets.xcassets */; };
		97090C361DC9854400BDB893 /* LaunchScreen.storyboard in Resources */ = {isa = PBXBuildFile; fileRef = 97090C341DC9854400BDB893 /* LaunchScreen.storyboard */; };
		97090C3E1DC985FE00BDB893 /* MoviesViewController.swift in Sources */ = {isa = PBXBuildFile; fileRef = 97090C3D1DC985FE00BDB893 /* MoviesViewController.swift */; };
		975CDE4E1DCC7E6C009D862D /* DetailViewController.swift in Sources */ = {isa = PBXBuildFile; fileRef = 975CDE4D1DCC7E6C009D862D /* DetailViewController.swift */; };
		97A157011DCB129200619D15 /* MovieCell.swift in Sources */ = {isa = PBXBuildFile; fileRef = 97A157001DCB129200619D15 /* MovieCell.swift */; };
/* End PBXBuildFile section */

/* Begin PBXFileReference section */
		125AE5879BB6A670288DA7CE /* Pods-MovieViewer.release.xcconfig */ = {isa = PBXFileReference; includeInIndex = 1; lastKnownFileType = text.xcconfig; name = "Pods-MovieViewer.release.xcconfig"; path = "Pods/Target Support Files/Pods-MovieViewer/Pods-MovieViewer.release.xcconfig"; sourceTree = "<group>"; };
		51A31AEFC026AE5EB8739CC2 /* Pods-MovieViewer.debug.xcconfig */ = {isa = PBXFileReference; includeInIndex = 1; lastKnownFileType = text.xcconfig; name = "Pods-MovieViewer.debug.xcconfig"; path = "Pods/Target Support Files/Pods-MovieViewer/Pods-MovieViewer.debug.xcconfig"; sourceTree = "<group>"; };
		97090C281DC9854400BDB893 /* MovieViewer.app */ = {isa = PBXFileReference; explicitFileType = wrapper.application; includeInIndex = 0; path = MovieViewer.app; sourceTree = BUILT_PRODUCTS_DIR; };
		97090C2B1DC9854400BDB893 /* AppDelegate.swift */ = {isa = PBXFileReference; lastKnownFileType = sourcecode.swift; path = AppDelegate.swift; sourceTree = "<group>"; };
		97090C301DC9854400BDB893 /* Base */ = {isa = PBXFileReference; lastKnownFileType = file.storyboard; name = Base; path = Base.lproj/Main.storyboard; sourceTree = "<group>"; };
		97090C321DC9854400BDB893 /* Assets.xcassets */ = {isa = PBXFileReference; lastKnownFileType = folder.assetcatalog; path = Assets.xcassets; sourceTree = "<group>"; };
		97090C351DC9854400BDB893 /* Base */ = {isa = PBXFileReference; lastKnownFileType = file.storyboard; name = Base; path = Base.lproj/LaunchScreen.storyboard; sourceTree = "<group>"; };
		97090C371DC9854400BDB893 /* Info.plist */ = {isa = PBXFileReference; lastKnownFileType = text.plist.xml; path = Info.plist; sourceTree = "<group>"; };
		97090C3D1DC985FE00BDB893 /* MoviesViewController.swift */ = {isa = PBXFileReference; fileEncoding = 4; lastKnownFileType = sourcecode.swift; path = MoviesViewController.swift; sourceTree = "<group>"; };
		975CDE4D1DCC7E6C009D862D /* DetailViewController.swift */ = {isa = PBXFileReference; fileEncoding = 4; lastKnownFileType = sourcecode.swift; path = DetailViewController.swift; sourceTree = "<group>"; };
		97A157001DCB129200619D15 /* MovieCell.swift */ = {isa = PBXFileReference; fileEncoding = 4; lastKnownFileType = sourcecode.swift; path = MovieCell.swift; sourceTree = "<group>"; };
		A95408E0C535C8AE7FBC47D8 /* Pods_MovieViewer.framework */ = {isa = PBXFileReference; explicitFileType = wrapper.framework; includeInIndex = 0; path = Pods_MovieViewer.framework; sourceTree = BUILT_PRODUCTS_DIR; };
/* End PBXFileReference section */

/* Begin PBXFrameworksBuildPhase section */
		97090C251DC9854300BDB893 /* Frameworks */ = {
			isa = PBXFrameworksBuildPhase;
			buildActionMask = 2147483647;
			files = (
				0F41C2D5AB85DDA33B60312A /* Pods_MovieViewer.framework in Frameworks */,
			);
			runOnlyForDeploymentPostprocessing = 0;
		};
/* End PBXFrameworksBuildPhase section */

/* Begin PBXGroup section */
		28B736366813EC7200B0E4FE /* Frameworks */ = {
			isa = PBXGroup;
			children = (
				A95408E0C535C8AE7FBC47D8 /* Pods_MovieViewer.framework */,
			);
			name = Frameworks;
			sourceTree = "<group>";
		};
		3F7D8644339AB33A332A71EC /* Pods */ = {
			isa = PBXGroup;
			children = (
				51A31AEFC026AE5EB8739CC2 /* Pods-MovieViewer.debug.xcconfig */,
				125AE5879BB6A670288DA7CE /* Pods-MovieViewer.release.xcconfig */,
			);
			name = Pods;
			sourceTree = "<group>";
		};
		97090C1F1DC9854300BDB893 = {
			isa = PBXGroup;
			children = (
				97090C2A1DC9854400BDB893 /* MovieViewer */,
				97090C291DC9854400BDB893 /* Products */,
				3F7D8644339AB33A332A71EC /* Pods */,
				28B736366813EC7200B0E4FE /* Frameworks */,
			);
			sourceTree = "<group>";
		};
		97090C291DC9854400BDB893 /* Products */ = {
			isa = PBXGroup;
			children = (
				97090C281DC9854400BDB893 /* MovieViewer.app */,
			);
			name = Products;
			sourceTree = "<group>";
		};
		97090C2A1DC9854400BDB893 /* MovieViewer */ = {
			isa = PBXGroup;
			children = (
				97A157021DCB129B00619D15 /* View Controllers */,
				97A156FF1DCB126100619D15 /* Views */,
				97090C2B1DC9854400BDB893 /* AppDelegate.swift */,
				97090C2F1DC9854400BDB893 /* Main.storyboard */,
				97090C321DC9854400BDB893 /* Assets.xcassets */,
				97090C341DC9854400BDB893 /* LaunchScreen.storyboard */,
				97090C371DC9854400BDB893 /* Info.plist */,
			);
			path = MovieViewer;
			sourceTree = "<group>";
		};
		97A156FF1DCB126100619D15 /* Views */ = {
			isa = PBXGroup;
			children = (
				97A157001DCB129200619D15 /* MovieCell.swift */,
			);
			name = Views;
			sourceTree = "<group>";
		};
		97A157021DCB129B00619D15 /* View Controllers */ = {
			isa = PBXGroup;
			children = (
				97090C3D1DC985FE00BDB893 /* MoviesViewController.swift */,
				975CDE4D1DCC7E6C009D862D /* DetailViewController.swift */,
			);
			name = "View Controllers";
			sourceTree = "<group>";
		};
/* End PBXGroup section */

/* Begin PBXNativeTarget section */
		97090C271DC9854300BDB893 /* MovieViewer */ = {
			isa = PBXNativeTarget;
			buildConfigurationList = 97090C3A1DC9854400BDB893 /* Build configuration list for PBXNativeTarget "MovieViewer" */;
			buildPhases = (
				3C62A204282955A33580395D /* [CP] Check Pods Manifest.lock */,
				97090C241DC9854300BDB893 /* Sources */,
				97090C251DC9854300BDB893 /* Frameworks */,
				97090C261DC9854300BDB893 /* Resources */,
				0E817CAE6471E316BB131691 /* [CP] Embed Pods Frameworks */,
				10E1432A91402D729D70EEDC /* [CP] Copy Pods Resources */,
			);
			buildRules = (
			);
			dependencies = (
			);
			name = MovieViewer;
			productName = MovieViewer;
			productReference = 97090C281DC9854400BDB893 /* MovieViewer.app */;
			productType = "com.apple.product-type.application";
		};
/* End PBXNativeTarget section */

/* Begin PBXProject section */
		97090C201DC9854300BDB893 /* Project object */ = {
			isa = PBXProject;
			attributes = {
				LastSwiftUpdateCheck = 0800;
				LastUpgradeCheck = 0800;
				ORGANIZATIONNAME = "Pangilinan, Melissa";
				TargetAttributes = {
					97090C271DC9854300BDB893 = {
						CreatedOnToolsVersion = 8.0;
						ProvisioningStyle = Automatic;
					};
				};
			};
			buildConfigurationList = 97090C231DC9854300BDB893 /* Build configuration list for PBXProject "MovieViewer" */;
			compatibilityVersion = "Xcode 3.2";
			developmentRegion = English;
			hasScannedForEncodings = 0;
			knownRegions = (
				en,
				Base,
			);
			mainGroup = 97090C1F1DC9854300BDB893;
			productRefGroup = 97090C291DC9854400BDB893 /* Products */;
			projectDirPath = "";
			projectRoot = "";
			targets = (
				97090C271DC9854300BDB893 /* MovieViewer */,
			);
		};
/* End PBXProject section */

/* Begin PBXResourcesBuildPhase section */
		97090C261DC9854300BDB893 /* Resources */ = {
			isa = PBXResourcesBuildPhase;
			buildActionMask = 2147483647;
			files = (
				97090C361DC9854400BDB893 /* LaunchScreen.storyboard in Resources */,
				97090C331DC9854400BDB893 /* Assets.xcassets in Resources */,
				97090C311DC9854400BDB893 /* Main.storyboard in Resources */,
			);
			runOnlyForDeploymentPostprocessing = 0;
		};
/* End PBXResourcesBuildPhase section */

/* Begin PBXShellScriptBuildPhase section */
		0E817CAE6471E316BB131691 /* [CP] Embed Pods Frameworks */ = {
			isa = PBXShellScriptBuildPhase;
			buildActionMask = 2147483647;
			files = (
			);
			inputPaths = (
			);
			name = "[CP] Embed Pods Frameworks";
			outputPaths = (
			);
			runOnlyForDeploymentPostprocessing = 0;
			shellPath = /bin/sh;
			shellScript = "\"${SRCROOT}/Pods/Target Support Files/Pods-MovieViewer/Pods-MovieViewer-frameworks.sh\"\n";
			showEnvVarsInLog = 0;
		};
		10E1432A91402D729D70EEDC /* [CP] Copy Pods Resources */ = {
			isa = PBXShellScriptBuildPhase;
			buildActionMask = 2147483647;
			files = (
			);
			inputPaths = (
			);
			name = "[CP] Copy Pods Resources";
			outputPaths = (
			);
			runOnlyForDeploymentPostprocessing = 0;
			shellPath = /bin/sh;
			shellScript = "\"${SRCROOT}/Pods/Target Support Files/Pods-MovieViewer/Pods-MovieViewer-resources.sh\"\n";
			showEnvVarsInLog = 0;
		};
		3C62A204282955A33580395D /* [CP] Check Pods Manifest.lock */ = {
			isa = PBXShellScriptBuildPhase;
			buildActionMask = 2147483647;
			files = (
			);
			inputPaths = (
			);
			name = "[CP] Check Pods Manifest.lock";
			outputPaths = (
			);
			runOnlyForDeploymentPostprocessing = 0;
			shellPath = /bin/sh;
			shellScript = "diff \"${PODS_ROOT}/../Podfile.lock\" \"${PODS_ROOT}/Manifest.lock\" > /dev/null\nif [ $? != 0 ] ; then\n    # print error to STDERR\n    echo \"error: The sandbox is not in sync with the Podfile.lock. Run 'pod install' or update your CocoaPods installation.\" >&2\n    exit 1\nfi\n";
			showEnvVarsInLog = 0;
		};
/* End PBXShellScriptBuildPhase section */

/* Begin PBXSourcesBuildPhase section */
		97090C241DC9854300BDB893 /* Sources */ = {
			isa = PBXSourcesBuildPhase;
			buildActionMask = 2147483647;
			files = (
				97090C2C1DC9854400BDB893 /* AppDelegate.swift in Sources */,
				97090C3E1DC985FE00BDB893 /* MoviesViewController.swift in Sources */,
				97A157011DCB129200619D15 /* MovieCell.swift in Sources */,
				975CDE4E1DCC7E6C009D862D /* DetailViewController.swift in Sources */,
			);
			runOnlyForDeploymentPostprocessing = 0;
		};
/* End PBXSourcesBuildPhase section */

/* Begin PBXVariantGroup section */
		97090C2F1DC9854400BDB893 /* Main.storyboard */ = {
			isa = PBXVariantGroup;
			children = (
				97090C301DC9854400BDB893 /* Base */,
			);
			name = Main.storyboard;
			sourceTree = "<group>";
		};
		97090C341DC9854400BDB893 /* LaunchScreen.storyboard */ = {
			isa = PBXVariantGroup;
			children = (
				97090C351DC9854400BDB893 /* Base */,
			);
			name = LaunchScreen.storyboard;
			sourceTree = "<group>";
		};
/* End PBXVariantGroup section */

/* Begin XCBuildConfiguration section */
		97090C381DC9854400BDB893 /* Debug */ = {
			isa = XCBuildConfiguration;
			buildSettings = {
				ALWAYS_SEARCH_USER_PATHS = NO;
				CLANG_ANALYZER_NONNULL = YES;
				CLANG_CXX_LANGUAGE_STANDARD = "gnu++0x";
				CLANG_CXX_LIBRARY = "libc++";
				CLANG_ENABLE_MODULES = YES;
				CLANG_ENABLE_OBJC_ARC = YES;
				CLANG_WARN_BOOL_CONVERSION = YES;
				CLANG_WARN_CONSTANT_CONVERSION = YES;
				CLANG_WARN_DIRECT_OBJC_ISA_USAGE = YES_ERROR;
				CLANG_WARN_DOCUMENTATION_COMMENTS = YES;
				CLANG_WARN_EMPTY_BODY = YES;
				CLANG_WARN_ENUM_CONVERSION = YES;
				CLANG_WARN_INFINITE_RECURSION = YES;
				CLANG_WARN_INT_CONVERSION = YES;
				CLANG_WARN_OBJC_ROOT_CLASS = YES_ERROR;
				CLANG_WARN_SUSPICIOUS_MOVES = YES;
				CLANG_WARN_UNREACHABLE_CODE = YES;
				CLANG_WARN__DUPLICATE_METHOD_MATCH = YES;
				"CODE_SIGN_IDENTITY[sdk=iphoneos*]" = "iPhone Developer";
				COPY_PHASE_STRIP = NO;
				DEBUG_INFORMATION_FORMAT = dwarf;
				ENABLE_STRICT_OBJC_MSGSEND = YES;
				ENABLE_TESTABILITY = YES;
				GCC_C_LANGUAGE_STANDARD = gnu99;
				GCC_DYNAMIC_NO_PIC = NO;
				GCC_NO_COMMON_BLOCKS = YES;
				GCC_OPTIMIZATION_LEVEL = 0;
				GCC_PREPROCESSOR_DEFINITIONS = (
					"DEBUG=1",
					"$(inherited)",
				);
				GCC_WARN_64_TO_32_BIT_CONVERSION = YES;
				GCC_WARN_ABOUT_RETURN_TYPE = YES_ERROR;
				GCC_WARN_UNDECLARED_SELECTOR = YES;
				GCC_WARN_UNINITIALIZED_AUTOS = YES_AGGRESSIVE;
				GCC_WARN_UNUSED_FUNCTION = YES;
				GCC_WARN_UNUSED_VARIABLE = YES;
				IPHONEOS_DEPLOYMENT_TARGET = 10.0;
				MTL_ENABLE_DEBUG_INFO = YES;
				ONLY_ACTIVE_ARCH = YES;
				SDKROOT = iphoneos;
				SWIFT_ACTIVE_COMPILATION_CONDITIONS = DEBUG;
				SWIFT_OPTIMIZATION_LEVEL = "-Onone";
			};
			name = Debug;
		};
		97090C391DC9854400BDB893 /* Release */ = {
			isa = XCBuildConfiguration;
			buildSettings = {
				ALWAYS_SEARCH_USER_PATHS = NO;
				CLANG_ANALYZER_NONNULL = YES;
				CLANG_CXX_LANGUAGE_STANDARD = "gnu++0x";
				CLANG_CXX_LIBRARY = "libc++";
				CLANG_ENABLE_MODULES = YES;
				CLANG_ENABLE_OBJC_ARC = YES;
				CLANG_WARN_BOOL_CONVERSION = YES;
				CLANG_WARN_CONSTANT_CONVERSION = YES;
				CLANG_WARN_DIRECT_OBJC_ISA_USAGE = YES_ERROR;
				CLANG_WARN_DOCUMENTATION_COMMENTS = YES;
				CLANG_WARN_EMPTY_BODY = YES;
				CLANG_WARN_ENUM_CONVERSION = YES;
				CLANG_WARN_INFINITE_RECURSION = YES;
				CLANG_WARN_INT_CONVERSION = YES;
				CLANG_WARN_OBJC_ROOT_CLASS = YES_ERROR;
				CLANG_WARN_SUSPICIOUS_MOVES = YES;
				CLANG_WARN_UNREACHABLE_CODE = YES;
				CLANG_WARN__DUPLICATE_METHOD_MATCH = YES;
				"CODE_SIGN_IDENTITY[sdk=iphoneos*]" = "iPhone Developer";
				COPY_PHASE_STRIP = NO;
				DEBUG_INFORMATION_FORMAT = "dwarf-with-dsym";
				ENABLE_NS_ASSERTIONS = NO;
				ENABLE_STRICT_OBJC_MSGSEND = YES;
				GCC_C_LANGUAGE_STANDARD = gnu99;
				GCC_NO_COMMON_BLOCKS = YES;
				GCC_WARN_64_TO_32_BIT_CONVERSION = YES;
				GCC_WARN_ABOUT_RETURN_TYPE = YES_ERROR;
				GCC_WARN_UNDECLARED_SELECTOR = YES;
				GCC_WARN_UNINITIALIZED_AUTOS = YES_AGGRESSIVE;
				GCC_WARN_UNUSED_FUNCTION = YES;
				GCC_WARN_UNUSED_VARIABLE = YES;
				IPHONEOS_DEPLOYMENT_TARGET = 10.0;
				MTL_ENABLE_DEBUG_INFO = NO;
				SDKROOT = iphoneos;
				SWIFT_OPTIMIZATION_LEVEL = "-Owholemodule";
				VALIDATE_PRODUCT = YES;
			};
			name = Release;
		};
		97090C3B1DC9854400BDB893 /* Debug */ = {
			isa = XCBuildConfiguration;
			baseConfigurationReference = 51A31AEFC026AE5EB8739CC2 /* Pods-MovieViewer.debug.xcconfig */;
			buildSettings = {
				ASSETCATALOG_COMPILER_APPICON_NAME = AppIcon;
				INFOPLIST_FILE = MovieViewer/Info.plist;
				LD_RUNPATH_SEARCH_PATHS = "$(inherited) @executable_path/Frameworks";
				PRODUCT_BUNDLE_IDENTIFIER = com.capitalone.MovieViewer;
				PRODUCT_NAME = "$(TARGET_NAME)";
				SWIFT_VERSION = 3.0;
			};
			name = Debug;
		};
		97090C3C1DC9854400BDB893 /* Release */ = {
			isa = XCBuildConfiguration;
			baseConfigurationReference = 125AE5879BB6A670288DA7CE /* Pods-MovieViewer.release.xcconfig */;
			buildSettings = {
				ASSETCATALOG_COMPILER_APPICON_NAME = AppIcon;
				INFOPLIST_FILE = MovieViewer/Info.plist;
				LD_RUNPATH_SEARCH_PATHS = "$(inherited) @executable_path/Frameworks";
				PRODUCT_BUNDLE_IDENTIFIER = com.capitalone.MovieViewer;
				PRODUCT_NAME = "$(TARGET_NAME)";
				SWIFT_VERSION = 3.0;
			};
			name = Release;
		};
/* End XCBuildConfiguration section */

/* Begin XCConfigurationList section */
		97090C231DC9854300BDB893 /* Build configuration list for PBXProject "MovieViewer" */ = {
			isa = XCConfigurationList;
			buildConfigurations = (
				97090C381DC9854400BDB893 /* Debug */,
				97090C391DC9854400BDB893 /* Release */,
			);
			defaultConfigurationIsVisible = 0;
			defaultConfigurationName = Release;
		};
		97090C3A1DC9854400BDB893 /* Build configuration list for PBXNativeTarget "MovieViewer" */ = {
			isa = XCConfigurationList;
			buildConfigurations = (
				97090C3B1DC9854400BDB893 /* Debug */,
				97090C3C1DC9854400BDB893 /* Release */,
			);
			defaultConfigurationIsVisible = 0;
			defaultConfigurationName = Release;
		};
/* End XCConfigurationList section */
	};
	rootObject = 97090C201DC9854300BDB893 /* Project object */;
}
